
Microsoft Visual Studio Solution File, Format Version 12.00
# Visual Studio Version 17
VisualStudioVersion = 17.7.34024.191
MinimumVisualStudioVersion = 10.0.40219.1
Project("{FAE04EC0-301F-11D3-BF4B-00C04F79EFBC}") = "SchoolDummy", "SchoolDummy.csproj", "{B4C8F3DE-A90A-4E93-A8AA-43D8909A992A}"
EndProject
Global
	GlobalSection(SolutionConfigurationPlatforms) = preSolution
		Debug|Any CPU = Debug|Any CPU
		Release|Any CPU = Release|Any CPU
	EndGlobalSection
	GlobalSection(ProjectConfigurationPlatforms) = postSolution
		{B4C8F3DE-A90A-4E93-A8AA-43D8909A992A}.Debug|Any CPU.ActiveCfg = Debug|Any CPU
		{B4C8F3DE-A90A-4E93-A8AA-43D8909A992A}.Debug|Any CPU.Build.0 = Debug|Any CPU
		{B4C8F3DE-A90A-4E93-A8AA-43D8909A992A}.Release|Any CPU.ActiveCfg = Release|Any CPU
		{B4C8F3DE-A90A-4E93-A8AA-43D8909A992A}.Release|Any CPU.Build.0 = Release|Any CPU
	EndGlobalSection
	GlobalSection(SolutionProperties) = preSolution
		HideSolutionNode = FALSE
	EndGlobalSection
	GlobalSection(ExtensibilityGlobals) = postSolution
		SolutionGuid = {623E718C-F63B-4937-8C80-1A90D4393917}
	EndGlobalSection
EndGlobal
